# This file is automatically @generated by Poetry 1.7.1 and should not be changed by hand.

[[package]]
name = "miose-toolkit-common"
version = "0.0.0"
description = ""
optional = false
python-versions = "*"
files = []
develop = true

[package.source]
type = "directory"
url = "../common"

[metadata]
lock-version = "2.0"
python-versions = "^3.8, <3.11"
content-hash = "bb194f19332a9c0e79dc6ecc8f00f1e94f0d297fd723d05d200e2cb3042f1f6e"
